{
  "requires": true,
  "lockfileVersion": 1,
  "dependencies": {
    "object-hash": {
      "version": "1.2.0",
      "resolved": "https://registry.npmjs.org/object-hash/-/object-hash-1.2.0.tgz",
      "integrity": "sha512-smRWXzkvxw72VquyZ0wggySl7PFUtoDhvhpdwgESXxUrH7vVhhp9asfup1+rVLrhsl7L45Ee1Q/l5R2Ul4MwUg==",
      "dev": true
    },
    "serverless-aws-documentation": {
      "version": "1.0.0",
      "resolved": "https://registry.npmjs.org/serverless-aws-documentation/-/serverless-aws-documentation-1.0.0.tgz",
      "integrity": "sha512-+duF3rS7VcE9xHxDKHkdjo/QNrL5tngfS4qi825coeYJApLMPI/tKqlV1klzMDeGQxbz4EMHWF8/E78GuYFw2Q==",
      "dev": true,
      "requires": {
        "object-hash": "1.2.0"
      }
    }
  }
}
